
Microsoft Visual Studio Solution File, Format Version 12.00
# Visual Studio Version 17
VisualStudioVersion = 17.11.35327.3
MinimumVisualStudioVersion = 10.0.40219.1
Project("{8BC9CEB8-8B4A-11D0-8D11-00A0C91BC942}") = "hw1.2", "hw1.2.vcxproj", "{E144497C-092A-42BB-AFAA-59AAF727E6DA}"
EndProject
Global
	GlobalSection(SolutionConfigurationPlatforms) = preSolution
		Debug|x64 = Debug|x64
		Debug|x86 = Debug|x86
		Release|x64 = Release|x64
		Release|x86 = Release|x86
	EndGlobalSection
	GlobalSection(ProjectConfigurationPlatforms) = postSolution
		{E144497C-092A-42BB-AFAA-59AAF727E6DA}.Debug|x64.ActiveCfg = Debug|x64
		{E144497C-092A-42BB-AFAA-59AAF727E6DA}.Debug|x64.Build.0 = Debug|x64
		{E144497C-092A-42BB-AFAA-59AAF727E6DA}.Debug|x86.ActiveCfg = Debug|Win32
		{E144497C-092A-42BB-AFAA-59AAF727E6DA}.Debug|x86.Build.0 = Debug|Win32
		{E144497C-092A-42BB-AFAA-59AAF727E6DA}.Release|x64.ActiveCfg = Release|x64
		{E144497C-092A-42BB-AFAA-59AAF727E6DA}.Release|x64.Build.0 = Release|x64
		{E144497C-092A-42BB-AFAA-59AAF727E6DA}.Release|x86.ActiveCfg = Release|Win32
		{E144497C-092A-42BB-AFAA-59AAF727E6DA}.Release|x86.Build.0 = Release|Win32
	EndGlobalSection
	GlobalSection(SolutionProperties) = preSolution
		HideSolutionNode = FALSE
	EndGlobalSection
	GlobalSection(ExtensibilityGlobals) = postSolution
		SolutionGuid = {342C73EB-8249-493C-B57B-4B6BDC839588}
	EndGlobalSection
EndGlobal
