
Microsoft Visual Studio Solution File, Format Version 12.00
# Visual Studio Version 17
VisualStudioVersion = 17.11.35327.3
MinimumVisualStudioVersion = 10.0.40219.1
Project("{8BC9CEB8-8B4A-11D0-8D11-00A0C91BC942}") = "hw1.3", "hw1.3.vcxproj", "{1273617C-9103-454F-973B-E3D485C78B73}"
EndProject
Global
	GlobalSection(SolutionConfigurationPlatforms) = preSolution
		Debug|x64 = Debug|x64
		Debug|x86 = Debug|x86
		Release|x64 = Release|x64
		Release|x86 = Release|x86
	EndGlobalSection
	GlobalSection(ProjectConfigurationPlatforms) = postSolution
		{1273617C-9103-454F-973B-E3D485C78B73}.Debug|x64.ActiveCfg = Debug|x64
		{1273617C-9103-454F-973B-E3D485C78B73}.Debug|x64.Build.0 = Debug|x64
		{1273617C-9103-454F-973B-E3D485C78B73}.Debug|x86.ActiveCfg = Debug|Win32
		{1273617C-9103-454F-973B-E3D485C78B73}.Debug|x86.Build.0 = Debug|Win32
		{1273617C-9103-454F-973B-E3D485C78B73}.Release|x64.ActiveCfg = Release|x64
		{1273617C-9103-454F-973B-E3D485C78B73}.Release|x64.Build.0 = Release|x64
		{1273617C-9103-454F-973B-E3D485C78B73}.Release|x86.ActiveCfg = Release|Win32
		{1273617C-9103-454F-973B-E3D485C78B73}.Release|x86.Build.0 = Release|Win32
	EndGlobalSection
	GlobalSection(SolutionProperties) = preSolution
		HideSolutionNode = FALSE
	EndGlobalSection
	GlobalSection(ExtensibilityGlobals) = postSolution
		SolutionGuid = {EB69A813-A1D0-4614-B2C5-FEF5FB7C5EC8}
	EndGlobalSection
EndGlobal
